
Microsoft Visual Studio Solution File, Format Version 12.00
# Visual Studio Version 16
VisualStudioVersion = 16.0.810.13
MinimumVisualStudioVersion = 10.0.40219.1
Project("{FAE04EC0-301F-11D3-BF4B-00C04F79EFBC}") = "ExamPreparationFinalFundamentals", "ExamPreparationFinalFundamentals\ExamPreparationFinalFundamentals.csproj", "{BD38E8C7-B06B-45BF-B816-BFDB979EAF7D}"
EndProject
Project("{FAE04EC0-301F-11D3-BF4B-00C04F79EFBC}") = "DestinationMapper", "DestinationMapper\DestinationMapper.csproj", "{4BA84BA6-A9C2-4084-BB8F-447F7784E618}"
EndProject
Project("{FAE04EC0-301F-11D3-BF4B-00C04F79EFBC}") = "PlantDiscovery", "PlantDiscovery\PlantDiscovery.csproj", "{F4CF89AF-82CC-478C-B42D-EF413938366F}"
EndProject
Global
	GlobalSection(SolutionConfigurationPlatforms) = preSolution
		Debug|Any CPU = Debug|Any CPU
		Release|Any CPU = Release|Any CPU
	EndGlobalSection
	GlobalSection(ProjectConfigurationPlatforms) = postSolution
		{BD38E8C7-B06B-45BF-B816-BFDB979EAF7D}.Debug|Any CPU.ActiveCfg = Debug|Any CPU
		{BD38E8C7-B06B-45BF-B816-BFDB979EAF7D}.Debug|Any CPU.Build.0 = Debug|Any CPU
		{BD38E8C7-B06B-45BF-B816-BFDB979EAF7D}.Release|Any CPU.ActiveCfg = Release|Any CPU
		{BD38E8C7-B06B-45BF-B816-BFDB979EAF7D}.Release|Any CPU.Build.0 = Release|Any CPU
		{4BA84BA6-A9C2-4084-BB8F-447F7784E618}.Debug|Any CPU.ActiveCfg = Debug|Any CPU
		{4BA84BA6-A9C2-4084-BB8F-447F7784E618}.Debug|Any CPU.Build.0 = Debug|Any CPU
		{4BA84BA6-A9C2-4084-BB8F-447F7784E618}.Release|Any CPU.ActiveCfg = Release|Any CPU
		{4BA84BA6-A9C2-4084-BB8F-447F7784E618}.Release|Any CPU.Build.0 = Release|Any CPU
		{F4CF89AF-82CC-478C-B42D-EF413938366F}.Debug|Any CPU.ActiveCfg = Debug|Any CPU
		{F4CF89AF-82CC-478C-B42D-EF413938366F}.Debug|Any CPU.Build.0 = Debug|Any CPU
		{F4CF89AF-82CC-478C-B42D-EF413938366F}.Release|Any CPU.ActiveCfg = Release|Any CPU
		{F4CF89AF-82CC-478C-B42D-EF413938366F}.Release|Any CPU.Build.0 = Release|Any CPU
	EndGlobalSection
	GlobalSection(SolutionProperties) = preSolution
		HideSolutionNode = FALSE
	EndGlobalSection
	GlobalSection(ExtensibilityGlobals) = postSolution
		SolutionGuid = {EF068E00-6009-43BD-851E-320D2304CB7E}
	EndGlobalSection
EndGlobal
