
Microsoft Visual Studio Solution File, Format Version 12.00
# Visual Studio Version 16
VisualStudioVersion = 16.0.810.13
MinimumVisualStudioVersion = 10.0.40219.1
Project("{FAE04EC0-301F-11D3-BF4B-00C04F79EFBC}") = "MessagesManager", "MessagesManager\MessagesManager.csproj", "{C7CE4E3D-AA53-4FCA-96A4-A83BB84B6C83}"
EndProject
Global
	GlobalSection(SolutionConfigurationPlatforms) = preSolution
		Debug|Any CPU = Debug|Any CPU
		Release|Any CPU = Release|Any CPU
	EndGlobalSection
	GlobalSection(ProjectConfigurationPlatforms) = postSolution
		{C7CE4E3D-AA53-4FCA-96A4-A83BB84B6C83}.Debug|Any CPU.ActiveCfg = Debug|Any CPU
		{C7CE4E3D-AA53-4FCA-96A4-A83BB84B6C83}.Debug|Any CPU.Build.0 = Debug|Any CPU
		{C7CE4E3D-AA53-4FCA-96A4-A83BB84B6C83}.Release|Any CPU.ActiveCfg = Release|Any CPU
		{C7CE4E3D-AA53-4FCA-96A4-A83BB84B6C83}.Release|Any CPU.Build.0 = Release|Any CPU
	EndGlobalSection
	GlobalSection(SolutionProperties) = preSolution
		HideSolutionNode = FALSE
	EndGlobalSection
	GlobalSection(ExtensibilityGlobals) = postSolution
		SolutionGuid = {54F1AE15-F046-4618-B135-08B09BDDEC86}
	EndGlobalSection
EndGlobal
